
Microsoft Visual Studio Solution File, Format Version 12.00
# Visual Studio Version 17
VisualStudioVersion = 17.3.32819.101
MinimumVisualStudioVersion = 10.0.40219.1
Project("{FAE04EC0-301F-11D3-BF4B-00C04F79EFBC}") = "HomeWork_10", "HomeWork_10\HomeWork_10.csproj", "{EFD91A05-9733-4A23-8589-3AA919F09CCA}"
EndProject
Global
	GlobalSection(SolutionConfigurationPlatforms) = preSolution
		Debug|Any CPU = Debug|Any CPU
		Release|Any CPU = Release|Any CPU
	EndGlobalSection
	GlobalSection(ProjectConfigurationPlatforms) = postSolution
		{EFD91A05-9733-4A23-8589-3AA919F09CCA}.Debug|Any CPU.ActiveCfg = Debug|Any CPU
		{EFD91A05-9733-4A23-8589-3AA919F09CCA}.Debug|Any CPU.Build.0 = Debug|Any CPU
		{EFD91A05-9733-4A23-8589-3AA919F09CCA}.Release|Any CPU.ActiveCfg = Release|Any CPU
		{EFD91A05-9733-4A23-8589-3AA919F09CCA}.Release|Any CPU.Build.0 = Release|Any CPU
	EndGlobalSection
	GlobalSection(SolutionProperties) = preSolution
		HideSolutionNode = FALSE
	EndGlobalSection
	GlobalSection(ExtensibilityGlobals) = postSolution
		SolutionGuid = {2154C5CA-A7E6-4128-96A7-36E48E4BE360}
	EndGlobalSection
EndGlobal
