
Microsoft Visual Studio Solution File, Format Version 12.00
# Visual Studio Version 17
VisualStudioVersion = 17.3.32819.101
MinimumVisualStudioVersion = 10.0.40219.1
Project("{FAE04EC0-301F-11D3-BF4B-00C04F79EFBC}") = "User", "User\User.csproj", "{2E2A812E-2624-438D-B300-E4B16B197D34}"
EndProject
Global
	GlobalSection(SolutionConfigurationPlatforms) = preSolution
		Debug|Any CPU = Debug|Any CPU
		Release|Any CPU = Release|Any CPU
	EndGlobalSection
	GlobalSection(ProjectConfigurationPlatforms) = postSolution
		{2E2A812E-2624-438D-B300-E4B16B197D34}.Debug|Any CPU.ActiveCfg = Debug|Any CPU
		{2E2A812E-2624-438D-B300-E4B16B197D34}.Debug|Any CPU.Build.0 = Debug|Any CPU
		{2E2A812E-2624-438D-B300-E4B16B197D34}.Release|Any CPU.ActiveCfg = Release|Any CPU
		{2E2A812E-2624-438D-B300-E4B16B197D34}.Release|Any CPU.Build.0 = Release|Any CPU
	EndGlobalSection
	GlobalSection(SolutionProperties) = preSolution
		HideSolutionNode = FALSE
	EndGlobalSection
	GlobalSection(ExtensibilityGlobals) = postSolution
		SolutionGuid = {08DF7D4A-3F5F-4D78-A23E-2896EC446924}
	EndGlobalSection
EndGlobal
