
Microsoft Visual Studio Solution File, Format Version 12.00
# Visual Studio Version 17
VisualStudioVersion = 17.3.32819.101
MinimumVisualStudioVersion = 10.0.40219.1
Project("{FAE04EC0-301F-11D3-BF4B-00C04F79EFBC}") = "CreditCard", "CreditCard\CreditCard.csproj", "{5F7446B0-3A0B-4505-910D-1C22983C6792}"
EndProject
Global
	GlobalSection(SolutionConfigurationPlatforms) = preSolution
		Debug|Any CPU = Debug|Any CPU
		Release|Any CPU = Release|Any CPU
	EndGlobalSection
	GlobalSection(ProjectConfigurationPlatforms) = postSolution
		{5F7446B0-3A0B-4505-910D-1C22983C6792}.Debug|Any CPU.ActiveCfg = Debug|Any CPU
		{5F7446B0-3A0B-4505-910D-1C22983C6792}.Debug|Any CPU.Build.0 = Debug|Any CPU
		{5F7446B0-3A0B-4505-910D-1C22983C6792}.Release|Any CPU.ActiveCfg = Release|Any CPU
		{5F7446B0-3A0B-4505-910D-1C22983C6792}.Release|Any CPU.Build.0 = Release|Any CPU
	EndGlobalSection
	GlobalSection(SolutionProperties) = preSolution
		HideSolutionNode = FALSE
	EndGlobalSection
	GlobalSection(ExtensibilityGlobals) = postSolution
		SolutionGuid = {555D1536-779D-4252-B150-5B7C43CEE6AB}
	EndGlobalSection
EndGlobal
