
Microsoft Visual Studio Solution File, Format Version 12.00
# Visual Studio Version 17
VisualStudioVersion = 17.3.32929.385
MinimumVisualStudioVersion = 10.0.40219.1
Project("{FAE04EC0-301F-11D3-BF4B-00C04F79EFBC}") = "AwaitAndAsync", "AwaitAndAsync\AwaitAndAsync.csproj", "{ED19A78E-213D-486E-9BD2-6352896D659C}"
EndProject
Global
	GlobalSection(SolutionConfigurationPlatforms) = preSolution
		Debug|Any CPU = Debug|Any CPU
		Release|Any CPU = Release|Any CPU
	EndGlobalSection
	GlobalSection(ProjectConfigurationPlatforms) = postSolution
		{ED19A78E-213D-486E-9BD2-6352896D659C}.Debug|Any CPU.ActiveCfg = Debug|Any CPU
		{ED19A78E-213D-486E-9BD2-6352896D659C}.Debug|Any CPU.Build.0 = Debug|Any CPU
		{ED19A78E-213D-486E-9BD2-6352896D659C}.Release|Any CPU.ActiveCfg = Release|Any CPU
		{ED19A78E-213D-486E-9BD2-6352896D659C}.Release|Any CPU.Build.0 = Release|Any CPU
	EndGlobalSection
	GlobalSection(SolutionProperties) = preSolution
		HideSolutionNode = FALSE
	EndGlobalSection
	GlobalSection(ExtensibilityGlobals) = postSolution
		SolutionGuid = {1DE0AF62-ABAE-45CB-A640-1829F4DBE608}
	EndGlobalSection
EndGlobal
