
Microsoft Visual Studio Solution File, Format Version 12.00
# Visual Studio Version 17
VisualStudioVersion = 17.2.32630.192
MinimumVisualStudioVersion = 10.0.40219.1
Project("{FAE04EC0-301F-11D3-BF4B-00C04F79EFBC}") = "Task_2", "Task_2\Task_2.csproj", "{6DE089BC-1D45-4D51-B417-59A3B9919BA2}"
EndProject
Global
	GlobalSection(SolutionConfigurationPlatforms) = preSolution
		Debug|Any CPU = Debug|Any CPU
		Release|Any CPU = Release|Any CPU
	EndGlobalSection
	GlobalSection(ProjectConfigurationPlatforms) = postSolution
		{6DE089BC-1D45-4D51-B417-59A3B9919BA2}.Debug|Any CPU.ActiveCfg = Debug|Any CPU
		{6DE089BC-1D45-4D51-B417-59A3B9919BA2}.Debug|Any CPU.Build.0 = Debug|Any CPU
		{6DE089BC-1D45-4D51-B417-59A3B9919BA2}.Release|Any CPU.ActiveCfg = Release|Any CPU
		{6DE089BC-1D45-4D51-B417-59A3B9919BA2}.Release|Any CPU.Build.0 = Release|Any CPU
	EndGlobalSection
	GlobalSection(SolutionProperties) = preSolution
		HideSolutionNode = FALSE
	EndGlobalSection
	GlobalSection(ExtensibilityGlobals) = postSolution
		SolutionGuid = {D50AD3B0-983A-4F47-92E4-47DA1B1FF5E9}
	EndGlobalSection
EndGlobal
