
Microsoft Visual Studio Solution File, Format Version 12.00
# Visual Studio Version 17
VisualStudioVersion = 17.3.32819.101
MinimumVisualStudioVersion = 10.0.40219.1
Project("{FAE04EC0-301F-11D3-BF4B-00C04F79EFBC}") = "Task_01", "Task_01\Task_01.csproj", "{747A2393-EDBD-4A47-A582-7A4297724E3D}"
EndProject
Project("{FAE04EC0-301F-11D3-BF4B-00C04F79EFBC}") = "Task_02", "Task_02\Task_02.csproj", "{18796748-4E01-4ECC-A58C-DBF5993B0929}"
EndProject
Project("{FAE04EC0-301F-11D3-BF4B-00C04F79EFBC}") = "Task_03", "Task_03\Task_03.csproj", "{263603B3-BCEF-4288-A9FF-15BA978ED275}"
EndProject
Global
	GlobalSection(SolutionConfigurationPlatforms) = preSolution
		Debug|Any CPU = Debug|Any CPU
		Release|Any CPU = Release|Any CPU
	EndGlobalSection
	GlobalSection(ProjectConfigurationPlatforms) = postSolution
		{747A2393-EDBD-4A47-A582-7A4297724E3D}.Debug|Any CPU.ActiveCfg = Debug|Any CPU
		{747A2393-EDBD-4A47-A582-7A4297724E3D}.Debug|Any CPU.Build.0 = Debug|Any CPU
		{747A2393-EDBD-4A47-A582-7A4297724E3D}.Release|Any CPU.ActiveCfg = Release|Any CPU
		{747A2393-EDBD-4A47-A582-7A4297724E3D}.Release|Any CPU.Build.0 = Release|Any CPU
		{18796748-4E01-4ECC-A58C-DBF5993B0929}.Debug|Any CPU.ActiveCfg = Debug|Any CPU
		{18796748-4E01-4ECC-A58C-DBF5993B0929}.Debug|Any CPU.Build.0 = Debug|Any CPU
		{18796748-4E01-4ECC-A58C-DBF5993B0929}.Release|Any CPU.ActiveCfg = Release|Any CPU
		{18796748-4E01-4ECC-A58C-DBF5993B0929}.Release|Any CPU.Build.0 = Release|Any CPU
		{263603B3-BCEF-4288-A9FF-15BA978ED275}.Debug|Any CPU.ActiveCfg = Debug|Any CPU
		{263603B3-BCEF-4288-A9FF-15BA978ED275}.Debug|Any CPU.Build.0 = Debug|Any CPU
		{263603B3-BCEF-4288-A9FF-15BA978ED275}.Release|Any CPU.ActiveCfg = Release|Any CPU
		{263603B3-BCEF-4288-A9FF-15BA978ED275}.Release|Any CPU.Build.0 = Release|Any CPU
	EndGlobalSection
	GlobalSection(SolutionProperties) = preSolution
		HideSolutionNode = FALSE
	EndGlobalSection
	GlobalSection(ExtensibilityGlobals) = postSolution
		SolutionGuid = {1A29F498-B82B-4984-9EEC-8A12FD7CA666}
	EndGlobalSection
EndGlobal
