
Microsoft Visual Studio Solution File, Format Version 12.00
# Visual Studio Version 17
VisualStudioVersion = 17.2.32630.192
MinimumVisualStudioVersion = 10.0.40219.1
Project("{FAE04EC0-301F-11D3-BF4B-00C04F79EFBC}") = "CurrencyConverter", "CurrencyConverter\CurrencyConverter.csproj", "{7CB4F291-9D89-4188-9BE0-F29A011C1E6C}"
EndProject
Global
	GlobalSection(SolutionConfigurationPlatforms) = preSolution
		Debug|Any CPU = Debug|Any CPU
		Release|Any CPU = Release|Any CPU
	EndGlobalSection
	GlobalSection(ProjectConfigurationPlatforms) = postSolution
		{7CB4F291-9D89-4188-9BE0-F29A011C1E6C}.Debug|Any CPU.ActiveCfg = Debug|Any CPU
		{7CB4F291-9D89-4188-9BE0-F29A011C1E6C}.Debug|Any CPU.Build.0 = Debug|Any CPU
		{7CB4F291-9D89-4188-9BE0-F29A011C1E6C}.Release|Any CPU.ActiveCfg = Release|Any CPU
		{7CB4F291-9D89-4188-9BE0-F29A011C1E6C}.Release|Any CPU.Build.0 = Release|Any CPU
	EndGlobalSection
	GlobalSection(SolutionProperties) = preSolution
		HideSolutionNode = FALSE
	EndGlobalSection
	GlobalSection(ExtensibilityGlobals) = postSolution
		SolutionGuid = {EAEAF694-969E-413B-8132-2173FBAE677D}
	EndGlobalSection
EndGlobal
